
Microsoft Visual Studio Solution File, Format Version 12.00
# Visual Studio Version 16
VisualStudioVersion = 16.0.31624.102
MinimumVisualStudioVersion = 10.0.40219.1
Project("{FAE04EC0-301F-11D3-BF4B-00C04F79EFBC}") = "EmployeeTask", "EmployeeTask.csproj", "{00AE8C0B-98A7-4B8A-9CF2-7CE971FC2A62}"
EndProject
Global
	GlobalSection(SolutionConfigurationPlatforms) = preSolution
		Debug|Any CPU = Debug|Any CPU
		Release|Any CPU = Release|Any CPU
	EndGlobalSection
	GlobalSection(ProjectConfigurationPlatforms) = postSolution
		{00AE8C0B-98A7-4B8A-9CF2-7CE971FC2A62}.Debug|Any CPU.ActiveCfg = Debug|Any CPU
		{00AE8C0B-98A7-4B8A-9CF2-7CE971FC2A62}.Debug|Any CPU.Build.0 = Debug|Any CPU
		{00AE8C0B-98A7-4B8A-9CF2-7CE971FC2A62}.Release|Any CPU.ActiveCfg = Release|Any CPU
		{00AE8C0B-98A7-4B8A-9CF2-7CE971FC2A62}.Release|Any CPU.Build.0 = Release|Any CPU
	EndGlobalSection
	GlobalSection(SolutionProperties) = preSolution
		HideSolutionNode = FALSE
	EndGlobalSection
	GlobalSection(ExtensibilityGlobals) = postSolution
		SolutionGuid = {6836C8EB-0C51-4FAC-A24E-C136DEFC8BA6}
	EndGlobalSection
EndGlobal
